
Microsoft Visual Studio Solution File, Format Version 12.00
# Visual Studio Version 17
VisualStudioVersion = 17.11.35327.3
MinimumVisualStudioVersion = 10.0.40219.1
Project("{FAE04EC0-301F-11D3-BF4B-00C04F79EFBC}") = "Calculator", "Calculator\Calculator.csproj", "{CDD668BE-AF9A-4A94-B089-BD3E8BBA5F00}"
EndProject
Project("{FAE04EC0-301F-11D3-BF4B-00C04F79EFBC}") = "CalcWithLogger", "CalcWithLogger\CalcWithLogger.csproj", "{BE82FBE8-D5FC-47D7-8820-576FE020E7EB}"
EndProject
Global
	GlobalSection(SolutionConfigurationPlatforms) = preSolution
		Debug|Any CPU = Debug|Any CPU
		Release|Any CPU = Release|Any CPU
	EndGlobalSection
	GlobalSection(ProjectConfigurationPlatforms) = postSolution
		{CDD668BE-AF9A-4A94-B089-BD3E8BBA5F00}.Debug|Any CPU.ActiveCfg = Debug|Any CPU
		{CDD668BE-AF9A-4A94-B089-BD3E8BBA5F00}.Debug|Any CPU.Build.0 = Debug|Any CPU
		{CDD668BE-AF9A-4A94-B089-BD3E8BBA5F00}.Release|Any CPU.ActiveCfg = Release|Any CPU
		{CDD668BE-AF9A-4A94-B089-BD3E8BBA5F00}.Release|Any CPU.Build.0 = Release|Any CPU
		{BE82FBE8-D5FC-47D7-8820-576FE020E7EB}.Debug|Any CPU.ActiveCfg = Debug|Any CPU
		{BE82FBE8-D5FC-47D7-8820-576FE020E7EB}.Debug|Any CPU.Build.0 = Debug|Any CPU
		{BE82FBE8-D5FC-47D7-8820-576FE020E7EB}.Release|Any CPU.ActiveCfg = Release|Any CPU
		{BE82FBE8-D5FC-47D7-8820-576FE020E7EB}.Release|Any CPU.Build.0 = Release|Any CPU
	EndGlobalSection
	GlobalSection(SolutionProperties) = preSolution
		HideSolutionNode = FALSE
	EndGlobalSection
	GlobalSection(ExtensibilityGlobals) = postSolution
		SolutionGuid = {D8446884-4AC9-4490-8CBC-6907B55DF05C}
	EndGlobalSection
EndGlobal
